
Microsoft Visual Studio Solution File, Format Version 12.00
# Visual Studio 15
VisualStudioVersion = 15.0.27428.2037
MinimumVisualStudioVersion = 10.0.40219.1
Project("{FAE04EC0-301F-11D3-BF4B-00C04F79EFBC}") = "SocketClientStarter", "SocketClientStarter\SocketClientStarter.csproj", "{5C6CFBCC-76FE-4715-8C7D-C31967B31651}"
EndProject
Global
	GlobalSection(SolutionConfigurationPlatforms) = preSolution
		Debug|Any CPU = Debug|Any CPU
		Release|Any CPU = Release|Any CPU
	EndGlobalSection
	GlobalSection(ProjectConfigurationPlatforms) = postSolution
		{5C6CFBCC-76FE-4715-8C7D-C31967B31651}.Debug|Any CPU.ActiveCfg = Debug|Any CPU
		{5C6CFBCC-76FE-4715-8C7D-C31967B31651}.Debug|Any CPU.Build.0 = Debug|Any CPU
		{5C6CFBCC-76FE-4715-8C7D-C31967B31651}.Release|Any CPU.ActiveCfg = Release|Any CPU
		{5C6CFBCC-76FE-4715-8C7D-C31967B31651}.Release|Any CPU.Build.0 = Release|Any CPU
	EndGlobalSection
	GlobalSection(SolutionProperties) = preSolution
		HideSolutionNode = FALSE
	EndGlobalSection
	GlobalSection(ExtensibilityGlobals) = postSolution
		SolutionGuid = {AA195A49-6795-467F-8ED3-1929681F5373}
	EndGlobalSection
EndGlobal
